PODS:
  - Cuckoo (1.2.0):
    - Cuckoo/Swift (= 1.2.0)
  - Cuckoo/Swift (1.2.0)
  - Nimble (8.0.4)
  - PromiseKit (6.11.0):
    - PromiseKit/CorePromise (= 6.11.0)
    - PromiseKit/Foundation (= 6.11.0)
    - PromiseKit/UIKit (= 6.11.0)
  - PromiseKit/CorePromise (6.11.0)
  - PromiseKit/Foundation (6.11.0):
    - PromiseKit/CorePromise
  - PromiseKit/UIKit (6.11.0):
    - PromiseKit/CorePromise
  - Quick (2.2.0)

DEPENDENCIES:
  - Cuckoo
  - Nimble
  - PromiseKit
  - Quick

SPEC REPOS:
  https://github.com/CocoaPods/Specs.git:
    - Cuckoo
    - Nimble
    - PromiseKit
    - Quick

SPEC CHECKSUMS:
  Cuckoo: f5f4e7c308c512cc2dedbdce23f5dc6985cb5173
  Nimble: 18d5360282923225d62b09d781f63abc1a0111fc
  PromiseKit: e4863d06976e7dee5e41c04fc7371c16b3600292
  Quick: 7fb19e13be07b5dfb3b90d4f9824c855a11af40e

PODFILE CHECKSUM: a4cfb15bff215b320c9cd0121356a9b365c45436

COCOAPODS: 1.8.4
